
Microsoft Visual Studio Solution File, Format Version 12.00
# Visual Studio Express 2013 for Windows Desktop
VisualStudioVersion = 12.0.21005.1
MinimumVisualStudioVersion = 10.0.40219.1
Project("{FAE04EC0-301F-11D3-BF4B-00C04F79EFBC}") = "Minesweeper2", "Minesweeper2\Minesweeper2.csproj", "{92045F81-9DA2-4695-8CD0-025ACF86184F}"
EndProject
Project("{FAE04EC0-301F-11D3-BF4B-00C04F79EFBC}") = "IgraKlasa", "Igra\IgraKlasa.csproj", "{2EEA0487-F6B1-4128-9822-8F8081E9A35B}"
EndProject
Global
	GlobalSection(SolutionConfigurationPlatforms) = preSolution
		Debug|Any CPU = Debug|Any CPU
		Release|Any CPU = Release|Any CPU
	EndGlobalSection
	GlobalSection(ProjectConfigurationPlatforms) = postSolution
		{92045F81-9DA2-4695-8CD0-025ACF86184F}.Debug|Any CPU.ActiveCfg = Debug|Any CPU
		{92045F81-9DA2-4695-8CD0-025ACF86184F}.Debug|Any CPU.Build.0 = Debug|Any CPU
		{92045F81-9DA2-4695-8CD0-025ACF86184F}.Release|Any CPU.ActiveCfg = Release|Any CPU
		{92045F81-9DA2-4695-8CD0-025ACF86184F}.Release|Any CPU.Build.0 = Release|Any CPU
		{2EEA0487-F6B1-4128-9822-8F8081E9A35B}.Debug|Any CPU.ActiveCfg = Debug|Any CPU
		{2EEA0487-F6B1-4128-9822-8F8081E9A35B}.Debug|Any CPU.Build.0 = Debug|Any CPU
		{2EEA0487-F6B1-4128-9822-8F8081E9A35B}.Release|Any CPU.ActiveCfg = Release|Any CPU
		{2EEA0487-F6B1-4128-9822-8F8081E9A35B}.Release|Any CPU.Build.0 = Release|Any CPU
	EndGlobalSection
	GlobalSection(SolutionProperties) = preSolution
		HideSolutionNode = FALSE
	EndGlobalSection
EndGlobal
